
Microsoft Visual Studio Solution File, Format Version 12.00
# Visual Studio Version 17
VisualStudioVersion = 17.11.35327.3
MinimumVisualStudioVersion = 10.0.40219.1
Project("{FAE04EC0-301F-11D3-BF4B-00C04F79EFBC}") = "GUI", "GUI\GUI.csproj", "{3F355645-FCA8-494F-BF42-61781048C944}"
EndProject
Project("{FAE04EC0-301F-11D3-BF4B-00C04F79EFBC}") = "DTO", "DTO\DTO.csproj", "{97ABEF12-D258-4077-8235-E19BFCA800B0}"
EndProject
Project("{FAE04EC0-301F-11D3-BF4B-00C04F79EFBC}") = "DAL", "DAL\DAL.csproj", "{E0A22B65-4B69-46F3-AE8D-BADA08BA2436}"
EndProject
Project("{FAE04EC0-301F-11D3-BF4B-00C04F79EFBC}") = "BLL", "BLL\BLL.csproj", "{4049EE38-22B4-4EA6-AE33-339153C2544D}"
EndProject
Global
	GlobalSection(SolutionConfigurationPlatforms) = preSolution
		Debug|Any CPU = Debug|Any CPU
		Release|Any CPU = Release|Any CPU
	EndGlobalSection
	GlobalSection(ProjectConfigurationPlatforms) = postSolution
		{3F355645-FCA8-494F-BF42-61781048C944}.Debug|Any CPU.ActiveCfg = Debug|Any CPU
		{3F355645-FCA8-494F-BF42-61781048C944}.Debug|Any CPU.Build.0 = Debug|Any CPU
		{3F355645-FCA8-494F-BF42-61781048C944}.Release|Any CPU.ActiveCfg = Release|Any CPU
		{3F355645-FCA8-494F-BF42-61781048C944}.Release|Any CPU.Build.0 = Release|Any CPU
		{97ABEF12-D258-4077-8235-E19BFCA800B0}.Debug|Any CPU.ActiveCfg = Debug|Any CPU
		{97ABEF12-D258-4077-8235-E19BFCA800B0}.Debug|Any CPU.Build.0 = Debug|Any CPU
		{97ABEF12-D258-4077-8235-E19BFCA800B0}.Release|Any CPU.ActiveCfg = Release|Any CPU
		{97ABEF12-D258-4077-8235-E19BFCA800B0}.Release|Any CPU.Build.0 = Release|Any CPU
		{E0A22B65-4B69-46F3-AE8D-BADA08BA2436}.Debug|Any CPU.ActiveCfg = Debug|Any CPU
		{E0A22B65-4B69-46F3-AE8D-BADA08BA2436}.Debug|Any CPU.Build.0 = Debug|Any CPU
		{E0A22B65-4B69-46F3-AE8D-BADA08BA2436}.Release|Any CPU.ActiveCfg = Release|Any CPU
		{E0A22B65-4B69-46F3-AE8D-BADA08BA2436}.Release|Any CPU.Build.0 = Release|Any CPU
		{4049EE38-22B4-4EA6-AE33-339153C2544D}.Debug|Any CPU.ActiveCfg = Debug|Any CPU
		{4049EE38-22B4-4EA6-AE33-339153C2544D}.Debug|Any CPU.Build.0 = Debug|Any CPU
		{4049EE38-22B4-4EA6-AE33-339153C2544D}.Release|Any CPU.ActiveCfg = Release|Any CPU
		{4049EE38-22B4-4EA6-AE33-339153C2544D}.Release|Any CPU.Build.0 = Release|Any CPU
	EndGlobalSection
	GlobalSection(SolutionProperties) = preSolution
		HideSolutionNode = FALSE
	EndGlobalSection
	GlobalSection(ExtensibilityGlobals) = postSolution
		SolutionGuid = {05CDA7DB-F634-4CFD-8D94-EE0DF7DE6A96}
	EndGlobalSection
EndGlobal
